
Microsoft Visual Studio Solution File, Format Version 12.00
# Visual Studio Version 17
VisualStudioVersion = 17.10.35122.118
MinimumVisualStudioVersion = 10.0.40219.1
Project("{FAE04EC0-301F-11D3-BF4B-00C04F79EFBC}") = "OrientacaoObjetosExemplos", "OrientacaoObjetosExemplos.csproj", "{010CFA46-D272-4007-8708-5F8F2C96A76F}"
EndProject
Global
	GlobalSection(SolutionConfigurationPlatforms) = preSolution
		Debug|Any CPU = Debug|Any CPU
		Release|Any CPU = Release|Any CPU
	EndGlobalSection
	GlobalSection(ProjectConfigurationPlatforms) = postSolution
		{010CFA46-D272-4007-8708-5F8F2C96A76F}.Debug|Any CPU.ActiveCfg = Debug|Any CPU
		{010CFA46-D272-4007-8708-5F8F2C96A76F}.Debug|Any CPU.Build.0 = Debug|Any CPU
		{010CFA46-D272-4007-8708-5F8F2C96A76F}.Release|Any CPU.ActiveCfg = Release|Any CPU
		{010CFA46-D272-4007-8708-5F8F2C96A76F}.Release|Any CPU.Build.0 = Release|Any CPU
	EndGlobalSection
	GlobalSection(SolutionProperties) = preSolution
		HideSolutionNode = FALSE
	EndGlobalSection
	GlobalSection(ExtensibilityGlobals) = postSolution
		SolutionGuid = {C9156A02-F751-48B1-BCD2-864193055813}
	EndGlobalSection
EndGlobal
